// !$*UTF8*$!
{
	archiveVersion = 1;
	classes = {
	};
	objectVersion = 50;
	objects = {

/* Begin PBXBuildFile section */
		631A8925CD8873AE323752A7 /* Pods_IOSDouYuZB.framework in Frameworks */ = {isa = PBXBuildFile; fileRef = E3566643B2E5235E98BE0F39 /* Pods_IOSDouYuZB.framework */; };
		A7045DAF213E53D200750943 /* CollectionBaseCell.swift in Sources */ = {isa = PBXBuildFile; fileRef = A7045DAE213E53D200750943 /* CollectionBaseCell.swift */; };
		A7045DB1213E5EC500750943 /* RecommendCycleView.swift in Sources */ = {isa = PBXBuildFile; fileRef = A7045DB0213E5EC500750943 /* RecommendCycleView.swift */; };
		A7045DB5213E5F7300750943 /* RecommendCycleView.xib in Resources */ = {isa = PBXBuildFile; fileRef = A7045DB4213E5F7300750943 /* RecommendCycleView.xib */; };
		A7108DBC216DD085001E3524 /* GameViewController.swift in Sources */ = {isa = PBXBuildFile; fileRef = A7108DBB216DD085001E3524 /* GameViewController.swift */; };
		A7108DBE216DDD8E001E3524 /* GameViewModel.swift in Sources */ = {isa = PBXBuildFile; fileRef = A7108DBD216DDD8E001E3524 /* GameViewModel.swift */; };
		A7108DC0216DE277001E3524 /* GameModel.swift in Sources */ = {isa = PBXBuildFile; fileRef = A7108DBF216DE277001E3524 /* GameModel.swift */; };
		A719D65D216F138700D4BDD7 /* AmuseViewController.swift in Sources */ = {isa = PBXBuildFile; fileRef = A719D65C216F138700D4BDD7 /* AmuseViewController.swift */; };
		A719D65F216F184F00D4BDD7 /* AmuseViewModel.swift in Sources */ = {isa = PBXBuildFile; fileRef = A719D65E216F184F00D4BDD7 /* AmuseViewModel.swift */; };
		A719D661216F356500D4BDD7 /* BaseAnchorViewController.swift in Sources */ = {isa = PBXBuildFile; fileRef = A719D660216F356500D4BDD7 /* BaseAnchorViewController.swift */; };
		A719D664216F3BDF00D4BDD7 /* BaseViewModel.swift in Sources */ = {isa = PBXBuildFile; fileRef = A719D663216F3BDF00D4BDD7 /* BaseViewModel.swift */; };
		A725335C2137C40D007EF6FA /* NetWorkTools.swift in Sources */ = {isa = PBXBuildFile; fileRef = A725335B2137C40D007EF6FA /* NetWorkTools.swift */; };
		A72533612137D4B7007EF6FA /* RecommendViewModel.swift in Sources */ = {isa = PBXBuildFile; fileRef = A72533602137D4B7007EF6FA /* RecommendViewModel.swift */; };
		A72533632137D896007EF6FA /* Date.swift in Sources */ = {isa = PBXBuildFile; fileRef = A72533622137D896007EF6FA /* Date.swift */; };
		A72533652137DF75007EF6FA /* AnchorGroup.swift in Sources */ = {isa = PBXBuildFile; fileRef = A72533642137DF75007EF6FA /* AnchorGroup.swift */; };
		A725DB0D21746C2B007BF493 /* AmuseMenuViewCell.swift in Sources */ = {isa = PBXBuildFile; fileRef = A725DB0B21746C2B007BF493 /* AmuseMenuViewCell.swift */; };
		A725DB0E21746C2B007BF493 /* AmuseMenuViewCell.xib in Resources */ = {isa = PBXBuildFile; fileRef = A725DB0C21746C2B007BF493 /* AmuseMenuViewCell.xib */; };
		A725DB1021748F74007BF493 /* FunnyViewController.swift in Sources */ = {isa = PBXBuildFile; fileRef = A725DB0F21748F74007BF493 /* FunnyViewController.swift */; };
		A74ECD19212FAFB3002AFEA5 /* PageContentView.swift in Sources */ = {isa = PBXBuildFile; fileRef = A74ECD18212FAFB3002AFEA5 /* PageContentView.swift */; };
		A74ECD1B212FCF5C002AFEA5 /* UIColor.swift in Sources */ = {isa = PBXBuildFile; fileRef = A74ECD1A212FCF5C002AFEA5 /* UIColor.swift */; };
		A7A0DEA8210FF93E00693B5F /* Home.storyboard in Resources */ = {isa = PBXBuildFile; fileRef = A7A0DEA6210FF93E00693B5F /* Home.storyboard */; };
		A7A0DEAB210FF95B00693B5F /* Live.storyboard in Resources */ = {isa = PBXBuildFile; fileRef = A7A0DEA9210FF95B00693B5F /* Live.storyboard */; };
		A7A0DEAE210FF97400693B5F /* Follow.storyboard in Resources */ = {isa = PBXBuildFile; fileRef = A7A0DEAC210FF97400693B5F /* Follow.storyboard */; };
		A7A0DEB1210FF99600693B5F /* Mine.storyboard in Resources */ = {isa = PBXBuildFile; fileRef = A7A0DEAF210FF99600693B5F /* Mine.storyboard */; };
		A7A0DEBB21100A2B00693B5F /* HomeViewController.swift in Sources */ = {isa = PBXBuildFile; fileRef = A7A0DEBA21100A2B00693B5F /* HomeViewController.swift */; };
		A7A0DEBE21102CC500693B5F /* UIBarButton-Extension.swift in Sources */ = {isa = PBXBuildFile; fileRef = A7A0DEBD21102CC500693B5F /* UIBarButton-Extension.swift */; };
		A7A0DEC021103B7400693B5F /* PageTitleView.swift in Sources */ = {isa = PBXBuildFile; fileRef = A7A0DEBF21103B7400693B5F /* PageTitleView.swift */; };
		A7A0DEC221104A7600693B5F /* Common.swift in Sources */ = {isa = PBXBuildFile; fileRef = A7A0DEC121104A7600693B5F /* Common.swift */; };
		A7A5FCF3213F7BB000841AB0 /* CycleModel.swift in Sources */ = {isa = PBXBuildFile; fileRef = A7A5FCF2213F7BB000841AB0 /* CycleModel.swift */; };
		A7A5FCF6213F81B300841AB0 /* CollectionCycleCell.swift in Sources */ = {isa = PBXBuildFile; fileRef = A7A5FCF4213F81B300841AB0 /* CollectionCycleCell.swift */; };
		A7A5FCF7213F81B300841AB0 /* CollectionCycleCell.xib in Resources */ = {isa = PBXBuildFile; fileRef = A7A5FCF5213F81B300841AB0 /* CollectionCycleCell.xib */; };
		A7A5FCF9213FAE8C00841AB0 /* RecommendGameView.swift in Sources */ = {isa = PBXBuildFile; fileRef = A7A5FCF8213FAE8C00841AB0 /* RecommendGameView.swift */; };
		A7A5FCFB213FAEA600841AB0 /* RecommendGameView.xib in Resources */ = {isa = PBXBuildFile; fileRef = A7A5FCFA213FAEA600841AB0 /* RecommendGameView.xib */; };
		A7A5FCFE213FB7BE00841AB0 /* CollectionGameCell.swift in Sources */ = {isa = PBXBuildFile; fileRef = A7A5FCFC213FB7BE00841AB0 /* CollectionGameCell.swift */; };
		A7A5FCFF213FB7BE00841AB0 /* CollectionGameCell.xib in Resources */ = {isa = PBXBuildFile; fileRef = A7A5FCFD213FB7BE00841AB0 /* CollectionGameCell.xib */; };
		A7A5FD01213FC0A400841AB0 /* BaseGameModel.swift in Sources */ = {isa = PBXBuildFile; fileRef = A7A5FD00213FC0A400841AB0 /* BaseGameModel.swift */; };
		A7BE6EDF210EF4180065C5C3 /* AppDelegate.swift in Sources */ = {isa = PBXBuildFile; fileRef = A7BE6EDE210EF4180065C5C3 /* AppDelegate.swift */; };
		A7BE6EE4210EF4180065C5C3 /* Main.storyboard in Resources */ = {isa = PBXBuildFile; fileRef = A7BE6EE2210EF4180065C5C3 /* Main.storyboard */; };
		A7BE6EE6210EF4190065C5C3 /* Assets.xcassets in Resources */ = {isa = PBXBuildFile; fileRef = A7BE6EE5210EF4190065C5C3 /* Assets.xcassets */; };
		A7BE6EE9210EF4190065C5C3 /* LaunchScreen.storyboard in Resources */ = {isa = PBXBuildFile; fileRef = A7BE6EE7210EF4190065C5C3 /* LaunchScreen.storyboard */; };
		A7C2E81E21465D5D00F92603 /* Device.swift in Sources */ = {isa = PBXBuildFile; fileRef = A7C2E81D21465D5D00F92603 /* Device.swift */; };
		A7DB254A217574CD004B9E1A /* FunnyViewModel.swift in Sources */ = {isa = PBXBuildFile; fileRef = A7DB2549217574CD004B9E1A /* FunnyViewModel.swift */; };
		A7DB254C21757FE4004B9E1A /* BaseViewControler.swift in Sources */ = {isa = PBXBuildFile; fileRef = A7DB254B21757FE4004B9E1A /* BaseViewControler.swift */; };
		A7DB25522175B12A004B9E1A /* RoomShowViewController.swift in Sources */ = {isa = PBXBuildFile; fileRef = A7DB25512175B12A004B9E1A /* RoomShowViewController.swift */; };
		A7DB25542175B16A004B9E1A /* RoomNormalViewController.swift in Sources */ = {isa = PBXBuildFile; fileRef = A7DB25532175B16A004B9E1A /* RoomNormalViewController.swift */; };
		A7DB25562175BD7C004B9E1A /* CustomNavigationController.swift in Sources */ = {isa = PBXBuildFile; fileRef = A7DB25552175BD7C004B9E1A /* CustomNavigationController.swift */; };
		A7F6A8762139050800EB9726 /* AnchorModel.swift in Sources */ = {isa = PBXBuildFile; fileRef = A7F6A8752139050800EB9726 /* AnchorModel.swift */; };
		A7F7BE4D21339DCF00906AA8 /* RecommendViewController.swift in Sources */ = {isa = PBXBuildFile; fileRef = A7F7BE4C21339DCF00906AA8 /* RecommendViewController.swift */; };
		A7F7BE502133D47500906AA8 /* CollectionHeaderView.swift in Sources */ = {isa = PBXBuildFile; fileRef = A7F7BE4E2133D47500906AA8 /* CollectionHeaderView.swift */; };
		A7F7BE512133D47500906AA8 /* CollectionHeaderView.xib in Resources */ = {isa = PBXBuildFile; fileRef = A7F7BE4F2133D47500906AA8 /* CollectionHeaderView.xib */; };
		A7F7BE542133E15900906AA8 /* CollectionNormaCell.swift in Sources */ = {isa = PBXBuildFile; fileRef = A7F7BE522133E15900906AA8 /* CollectionNormaCell.swift */; };
		A7F7BE552133E15900906AA8 /* CollectionNormaCell.xib in Resources */ = {isa = PBXBuildFile; fileRef = A7F7BE532133E15900906AA8 /* CollectionNormaCell.xib */; };
		A7F7BE582133EBCF00906AA8 /* CollectionPrettyCell.swift in Sources */ = {isa = PBXBuildFile; fileRef = A7F7BE562133EBCF00906AA8 /* CollectionPrettyCell.swift */; };
		A7F7BE592133EBCF00906AA8 /* CollectionPrettyCell.xib in Resources */ = {isa = PBXBuildFile; fileRef = A7F7BE572133EBCF00906AA8 /* CollectionPrettyCell.xib */; };
		A7FEA08B21708C9F00600388 /* AmuseMenuView.swift in Sources */ = {isa = PBXBuildFile; fileRef = A7FEA08A21708C9F00600388 /* AmuseMenuView.swift */; };
		A7FEA08D21708CCB00600388 /* AmuseMenuView.xib in Resources */ = {isa = PBXBuildFile; fileRef = A7FEA08C21708CCB00600388 /* AmuseMenuView.xib */; };
/* End PBXBuildFile section */

/* Begin PBXFileReference section */
		4BC07A307793CE18902A5918 /* Pods-IOSDouYuZB.release.xcconfig */ = {isa = PBXFileReference; includeInIndex = 1; lastKnownFileType = text.xcconfig; name = "Pods-IOSDouYuZB.release.xcconfig"; path = "Pods/Target Support Files/Pods-IOSDouYuZB/Pods-IOSDouYuZB.release.xcconfig"; sourceTree = "<group>"; };
		890494A91961176BFDE6A5B2 /* Pods-IOSDouYuZB.debug.xcconfig */ = {isa = PBXFileReference; includeInIndex = 1; lastKnownFileType = text.xcconfig; name = "Pods-IOSDouYuZB.debug.xcconfig"; path = "Pods/Target Support Files/Pods-IOSDouYuZB/Pods-IOSDouYuZB.debug.xcconfig"; sourceTree = "<group>"; };
		A7045DAE213E53D200750943 /* CollectionBaseCell.swift */ = {isa = PBXFileReference; lastKnownFileType = sourcecode.swift; path = CollectionBaseCell.swift; sourceTree = "<group>"; };
		A7045DB0213E5EC500750943 /* RecommendCycleView.swift */ = {isa = PBXFileReference; lastKnownFileType = sourcecode.swift; path = RecommendCycleView.swift; sourceTree = "<group>"; };
		A7045DB4213E5F7300750943 /* RecommendCycleView.xib */ = {isa = PBXFileReference; lastKnownFileType = file.xib; path = RecommendCycleView.xib; sourceTree = "<group>"; };
		A7108DBB216DD085001E3524 /* GameViewController.swift */ = {isa = PBXFileReference; lastKnownFileType = sourcecode.swift; path = GameViewController.swift; sourceTree = "<group>"; };
		A7108DBD216DDD8E001E3524 /* GameViewModel.swift */ = {isa = PBXFileReference; lastKnownFileType = sourcecode.swift; path = GameViewModel.swift; sourceTree = "<group>"; };
		A7108DBF216DE277001E3524 /* GameModel.swift */ = {isa = PBXFileReference; lastKnownFileType = sourcecode.swift; path = GameModel.swift; sourceTree = "<group>"; };
		A719D65C216F138700D4BDD7 /* AmuseViewController.swift */ = {isa = PBXFileReference; lastKnownFileType = sourcecode.swift; path = AmuseViewController.swift; sourceTree = "<group>"; };
		A719D65E216F184F00D4BDD7 /* AmuseViewModel.swift */ = {isa = PBXFileReference; lastKnownFileType = sourcecode.swift; path = AmuseViewModel.swift; sourceTree = "<group>"; };
		A719D660216F356500D4BDD7 /* BaseAnchorViewController.swift */ = {isa = PBXFileReference; lastKnownFileType = sourcecode.swift; path = BaseAnchorViewController.swift; sourceTree = "<group>"; };
		A719D663216F3BDF00D4BDD7 /* BaseViewModel.swift */ = {isa = PBXFileReference; lastKnownFileType = sourcecode.swift; path = BaseViewModel.swift; sourceTree = "<group>"; };
		A725335B2137C40D007EF6FA /* NetWorkTools.swift */ = {isa = PBXFileReference; fileEncoding = 4; lastKnownFileType = sourcecode.swift; path = NetWorkTools.swift; sourceTree = "<group>"; };
		A72533602137D4B7007EF6FA /* RecommendViewModel.swift */ = {isa = PBXFileReference; lastKnownFileType = sourcecode.swift; path = RecommendViewModel.swift; sourceTree = "<group>"; };
		A72533622137D896007EF6FA /* Date.swift */ = {isa = PBXFileReference; lastKnownFileType = sourcecode.swift; path = Date.swift; sourceTree = "<group>"; };
		A72533642137DF75007EF6FA /* AnchorGroup.swift */ = {isa = PBXFileReference; lastKnownFileType = sourcecode.swift; path = AnchorGroup.swift; sourceTree = "<group>"; };
		A725DB0B21746C2B007BF493 /* AmuseMenuViewCell.swift */ = {isa = PBXFileReference; lastKnownFileType = sourcecode.swift; path = AmuseMenuViewCell.swift; sourceTree = "<group>"; };
		A725DB0C21746C2B007BF493 /* AmuseMenuViewCell.xib */ = {isa = PBXFileReference; lastKnownFileType = file.xib; path = AmuseMenuViewCell.xib; sourceTree = "<group>"; };
		A725DB0F21748F74007BF493 /* FunnyViewController.swift */ = {isa = PBXFileReference; lastKnownFileType = sourcecode.swift; path = FunnyViewController.swift; sourceTree = "<group>"; };
		A74ECD18212FAFB3002AFEA5 /* PageContentView.swift */ = {isa = PBXFileReference; lastKnownFileType = sourcecode.swift; path = PageContentView.swift; sourceTree = "<group>"; };
		A74ECD1A212FCF5C002AFEA5 /* UIColor.swift */ = {isa = PBXFileReference; lastKnownFileType = sourcecode.swift; path = UIColor.swift; sourceTree = "<group>"; };
		A7A0DEA7210FF93E00693B5F /* Base */ = {isa = PBXFileReference; lastKnownFileType = file.storyboard; name = Base; path = Base.lproj/Home.storyboard; sourceTree = "<group>"; };
		A7A0DEAA210FF95B00693B5F /* Base */ = {isa = PBXFileReference; lastKnownFileType = file.storyboard; name = Base; path = Base.lproj/Live.storyboard; sourceTree = "<group>"; };
		A7A0DEAD210FF97400693B5F /* Base */ = {isa = PBXFileReference; lastKnownFileType = file.storyboard; name = Base; path = Base.lproj/Follow.storyboard; sourceTree = "<group>"; };
		A7A0DEB0210FF99600693B5F /* Base */ = {isa = PBXFileReference; lastKnownFileType = file.storyboard; name = Base; path = Base.lproj/Mine.storyboard; sourceTree = "<group>"; };
		A7A0DEBA21100A2B00693B5F /* HomeViewController.swift */ = {isa = PBXFileReference; lastKnownFileType = sourcecode.swift; path = HomeViewController.swift; sourceTree = "<group>"; };
		A7A0DEBD21102CC500693B5F /* UIBarButton-Extension.swift */ = {isa = PBXFileReference; lastKnownFileType = sourcecode.swift; path = "UIBarButton-Extension.swift"; sourceTree = "<group>"; };
		A7A0DEBF21103B7400693B5F /* PageTitleView.swift */ = {isa = PBXFileReference; lastKnownFileType = sourcecode.swift; path = PageTitleView.swift; sourceTree = "<group>"; };
		A7A0DEC121104A7600693B5F /* Common.swift */ = {isa = PBXFileReference; lastKnownFileType = sourcecode.swift; path = Common.swift; sourceTree = "<group>"; };
		A7A5FCF2213F7BB000841AB0 /* CycleModel.swift */ = {isa = PBXFileReference; lastKnownFileType = sourcecode.swift; path = CycleModel.swift; sourceTree = "<group>"; };
		A7A5FCF4213F81B300841AB0 /* CollectionCycleCell.swift */ = {isa = PBXFileReference; lastKnownFileType = sourcecode.swift; path = CollectionCycleCell.swift; sourceTree = "<group>"; };
		A7A5FCF5213F81B300841AB0 /* CollectionCycleCell.xib */ = {isa = PBXFileReference; lastKnownFileType = file.xib; path = CollectionCycleCell.xib; sourceTree = "<group>"; };
		A7A5FCF8213FAE8C00841AB0 /* RecommendGameView.swift */ = {isa = PBXFileReference; lastKnownFileType = sourcecode.swift; path = RecommendGameView.swift; sourceTree = "<group>"; };
		A7A5FCFA213FAEA600841AB0 /* RecommendGameView.xib */ = {isa = PBXFileReference; lastKnownFileType = file.xib; path = RecommendGameView.xib; sourceTree = "<group>"; };
		A7A5FCFC213FB7BE00841AB0 /* CollectionGameCell.swift */ = {isa = PBXFileReference; lastKnownFileType = sourcecode.swift; path = CollectionGameCell.swift; sourceTree = "<group>"; };
		A7A5FCFD213FB7BE00841AB0 /* CollectionGameCell.xib */ = {isa = PBXFileReference; lastKnownFileType = file.xib; path = CollectionGameCell.xib; sourceTree = "<group>"; };
		A7A5FD00213FC0A400841AB0 /* BaseGameModel.swift */ = {isa = PBXFileReference; lastKnownFileType = sourcecode.swift; path = BaseGameModel.swift; sourceTree = "<group>"; };
		A7BE6EDB210EF4180065C5C3 /* IOSDouYuZB.app */ = {isa = PBXFileReference; explicitFileType = wrapper.application; includeInIndex = 0; path = IOSDouYuZB.app; sourceTree = BUILT_PRODUCTS_DIR; };
		A7BE6EDE210EF4180065C5C3 /* AppDelegate.swift */ = {isa = PBXFileReference; lastKnownFileType = sourcecode.swift; path = AppDelegate.swift; sourceTree = "<group>"; };
		A7BE6EE3210EF4180065C5C3 /* Base */ = {isa = PBXFileReference; lastKnownFileType = file.storyboard; name = Base; path = Base.lproj/Main.storyboard; sourceTree = "<group>"; };
		A7BE6EE5210EF4190065C5C3 /* Assets.xcassets */ = {isa = PBXFileReference; lastKnownFileType = folder.assetcatalog; path = Assets.xcassets; sourceTree = "<group>"; };
		A7BE6EE8210EF4190065C5C3 /* Base */ = {isa = PBXFileReference; lastKnownFileType = file.storyboard; name = Base; path = Base.lproj/LaunchScreen.storyboard; sourceTree = "<group>"; };
		A7BE6EEA210EF41A0065C5C3 /* Info.plist */ = {isa = PBXFileReference; lastKnownFileType = text.plist.xml; path = Info.plist; sourceTree = "<group>"; };
		A7C2E81D21465D5D00F92603 /* Device.swift */ = {isa = PBXFileReference; lastKnownFileType = sourcecode.swift; path = Device.swift; sourceTree = "<group>"; };
		A7DB2549217574CD004B9E1A /* FunnyViewModel.swift */ = {isa = PBXFileReference; lastKnownFileType = sourcecode.swift; path = FunnyViewModel.swift; sourceTree = "<group>"; };
		A7DB254B21757FE4004B9E1A /* BaseViewControler.swift */ = {isa = PBXFileReference; lastKnownFileType = sourcecode.swift; path = BaseViewControler.swift; sourceTree = "<group>"; };
		A7DB25512175B12A004B9E1A /* RoomShowViewController.swift */ = {isa = PBXFileReference; lastKnownFileType = sourcecode.swift; path = RoomShowViewController.swift; sourceTree = "<group>"; };
		A7DB25532175B16A004B9E1A /* RoomNormalViewController.swift */ = {isa = PBXFileReference; lastKnownFileType = sourcecode.swift; path = RoomNormalViewController.swift; sourceTree = "<group>"; };
		A7DB25552175BD7C004B9E1A /* CustomNavigationController.swift */ = {isa = PBXFileReference; lastKnownFileType = sourcecode.swift; path = CustomNavigationController.swift; sourceTree = "<group>"; };
		A7F6A8752139050800EB9726 /* AnchorModel.swift */ = {isa = PBXFileReference; lastKnownFileType = sourcecode.swift; path = AnchorModel.swift; sourceTree = "<group>"; };
		A7F7BE4C21339DCF00906AA8 /* RecommendViewController.swift */ = {isa = PBXFileReference; lastKnownFileType = sourcecode.swift; path = RecommendViewController.swift; sourceTree = "<group>"; };
		A7F7BE4E2133D47500906AA8 /* CollectionHeaderView.swift */ = {isa = PBXFileReference; lastKnownFileType = sourcecode.swift; path = CollectionHeaderView.swift; sourceTree = "<group>"; };
		A7F7BE4F2133D47500906AA8 /* CollectionHeaderView.xib */ = {isa = PBXFileReference; lastKnownFileType = file.xib; path = CollectionHeaderView.xib; sourceTree = "<group>"; };
		A7F7BE522133E15900906AA8 /* CollectionNormaCell.swift */ = {isa = PBXFileReference; lastKnownFileType = sourcecode.swift; path = CollectionNormaCell.swift; sourceTree = "<group>"; };
		A7F7BE532133E15900906AA8 /* CollectionNormaCell.xib */ = {isa = PBXFileReference; lastKnownFileType = file.xib; path = CollectionNormaCell.xib; sourceTree = "<group>"; };
		A7F7BE562133EBCF00906AA8 /* CollectionPrettyCell.swift */ = {isa = PBXFileReference; lastKnownFileType = sourcecode.swift; path = CollectionPrettyCell.swift; sourceTree = "<group>"; };
		A7F7BE572133EBCF00906AA8 /* CollectionPrettyCell.xib */ = {isa = PBXFileReference; lastKnownFileType = file.xib; path = CollectionPrettyCell.xib; sourceTree = "<group>"; };
		A7FEA08A21708C9F00600388 /* AmuseMenuView.swift */ = {isa = PBXFileReference; lastKnownFileType = sourcecode.swift; path = AmuseMenuView.swift; sourceTree = "<group>"; };
		A7FEA08C21708CCB00600388 /* AmuseMenuView.xib */ = {isa = PBXFileReference; lastKnownFileType = file.xib; path = AmuseMenuView.xib; sourceTree = "<group>"; };
		E3566643B2E5235E98BE0F39 /* Pods_IOSDouYuZB.framework */ = {isa = PBXFileReference; explicitFileType = wrapper.framework; includeInIndex = 0; path = Pods_IOSDouYuZB.framework; sourceTree = BUILT_PRODUCTS_DIR; };
/* End PBXFileReference section */

/* Begin PBXFrameworksBuildPhase section */
		A7BE6ED8210EF4180065C5C3 /* Frameworks */ = {
			isa = PBXFrameworksBuildPhase;
			buildActionMask = 2147483647;
			files = (
				631A8925CD8873AE323752A7 /* Pods_IOSDouYuZB.framework in Frameworks */,
			);
			runOnlyForDeploymentPostprocessing = 0;
		};
/* End PBXFrameworksBuildPhase section */

/* Begin PBXGroup section */
		6CF516C35E8B84C0512B7D18 /* Pods */ = {
			isa = PBXGroup;
			children = (
				890494A91961176BFDE6A5B2 /* Pods-IOSDouYuZB.debug.xcconfig */,
				4BC07A307793CE18902A5918 /* Pods-IOSDouYuZB.release.xcconfig */,
			);
			name = Pods;
			sourceTree = "<group>";
		};
		A719D662216F3BCC00D4BDD7 /* ViewModel */ = {
			isa = PBXGroup;
			children = (
				A719D663216F3BDF00D4BDD7 /* BaseViewModel.swift */,
			);
			path = ViewModel;
			sourceTree = "<group>";
		};
		A725335D2137D422007EF6FA /* Model */ = {
			isa = PBXGroup;
			children = (
				A7A5FCF2213F7BB000841AB0 /* CycleModel.swift */,
				A7108DBF216DE277001E3524 /* GameModel.swift */,
			);
			path = Model;
			sourceTree = "<group>";
		};
		A725335E2137D427007EF6FA /* ViewModel */ = {
			isa = PBXGroup;
			children = (
				A72533602137D4B7007EF6FA /* RecommendViewModel.swift */,
				A7108DBD216DDD8E001E3524 /* GameViewModel.swift */,
				A719D65E216F184F00D4BDD7 /* AmuseViewModel.swift */,
				A7DB2549217574CD004B9E1A /* FunnyViewModel.swift */,
			);
			path = ViewModel;
			sourceTree = "<group>";
		};
		A725335F2137D475007EF6FA /* Model */ = {
			isa = PBXGroup;
			children = (
				A72533642137DF75007EF6FA /* AnchorGroup.swift */,
				A7F6A8752139050800EB9726 /* AnchorModel.swift */,
				A7A5FD00213FC0A400841AB0 /* BaseGameModel.swift */,
			);
			path = Model;
			sourceTree = "<group>";
		};
		A76A68DF210F0A6B0088ED8E /* Classes */ = {
			isa = PBXGroup;
			children = (
				A76A68E1210F0A6B0088ED8E /* Main(主界面) */,
				A7DB254D2175B0B4004B9E1A /* Room */,
				A76A68E2210F0A6B0088ED8E /* Home(首页) */,
				A76A68E5210F0A6B0088ED8E /* Live(直播) */,
				A76A68E0210F0A6B0088ED8E /* Follow(关注) */,
				A76A68E3210F0A6B0088ED8E /* Mine(我的) */,
				A76A68E4210F0A6B0088ED8E /* Tools(相关的工具类) */,
			);
			path = Classes;
			sourceTree = "<group>";
		};
		A76A68E0210F0A6B0088ED8E /* Follow(关注) */ = {
			isa = PBXGroup;
			children = (
				A7A0DEAC210FF97400693B5F /* Follow.storyboard */,
			);
			path = "Follow(关注)";
			sourceTree = "<group>";
		};
		A76A68E1210F0A6B0088ED8E /* Main(主界面) */ = {
			isa = PBXGroup;
			children = (
				A719D662216F3BCC00D4BDD7 /* ViewModel */,
				A725335F2137D475007EF6FA /* Model */,
				A7A0DEB82110081000693B5F /* View */,
				A7A0DEB92110081000693B5F /* Controller */,
			);
			path = "Main(主界面)";
			sourceTree = "<group>";
		};
		A76A68E2210F0A6B0088ED8E /* Home(首页) */ = {
			isa = PBXGroup;
			children = (
				A725335E2137D427007EF6FA /* ViewModel */,
				A725335D2137D422007EF6FA /* Model */,
				A7A0DEB62110079900693B5F /* View */,
				A7A0DEB42110079900693B5F /* Controller */,
			);
			path = "Home(首页)";
			sourceTree = "<group>";
		};
		A76A68E3210F0A6B0088ED8E /* Mine(我的) */ = {
			isa = PBXGroup;
			children = (
				A7A0DEAF210FF99600693B5F /* Mine.storyboard */,
			);
			path = "Mine(我的)";
			sourceTree = "<group>";
		};
		A76A68E4210F0A6B0088ED8E /* Tools(相关的工具类) */ = {
			isa = PBXGroup;
			children = (
				A7A0DEBC21102C6200693B5F /* Extension */,
				A7A0DEC121104A7600693B5F /* Common.swift */,
				A725335B2137C40D007EF6FA /* NetWorkTools.swift */,
			);
			path = "Tools(相关的工具类)";
			sourceTree = "<group>";
		};
		A76A68E5210F0A6B0088ED8E /* Live(直播) */ = {
			isa = PBXGroup;
			children = (
				A7A0DEA9210FF95B00693B5F /* Live.storyboard */,
			);
			path = "Live(直播)";
			sourceTree = "<group>";
		};
		A7A0DEB42110079900693B5F /* Controller */ = {
			isa = PBXGroup;
			children = (
				A7A0DEA6210FF93E00693B5F /* Home.storyboard */,
				A7A0DEBA21100A2B00693B5F /* HomeViewController.swift */,
				A7F7BE4C21339DCF00906AA8 /* RecommendViewController.swift */,
				A7108DBB216DD085001E3524 /* GameViewController.swift */,
				A719D65C216F138700D4BDD7 /* AmuseViewController.swift */,
				A725DB0F21748F74007BF493 /* FunnyViewController.swift */,
			);
			path = Controller;
			sourceTree = "<group>";
		};
		A7A0DEB62110079900693B5F /* View */ = {
			isa = PBXGroup;
			children = (
				A7F7BE4E2133D47500906AA8 /* CollectionHeaderView.swift */,
				A7F7BE4F2133D47500906AA8 /* CollectionHeaderView.xib */,
				A7045DB0213E5EC500750943 /* RecommendCycleView.swift */,
				A7045DB4213E5F7300750943 /* RecommendCycleView.xib */,
				A7A5FCF4213F81B300841AB0 /* CollectionCycleCell.swift */,
				A7A5FCF5213F81B300841AB0 /* CollectionCycleCell.xib */,
				A7A5FCF8213FAE8C00841AB0 /* RecommendGameView.swift */,
				A7A5FCFA213FAEA600841AB0 /* RecommendGameView.xib */,
				A7A5FCFC213FB7BE00841AB0 /* CollectionGameCell.swift */,
				A7A5FCFD213FB7BE00841AB0 /* CollectionGameCell.xib */,
				A7FEA08A21708C9F00600388 /* AmuseMenuView.swift */,
				A7FEA08C21708CCB00600388 /* AmuseMenuView.xib */,
				A725DB0B21746C2B007BF493 /* AmuseMenuViewCell.swift */,
				A725DB0C21746C2B007BF493 /* AmuseMenuViewCell.xib */,
			);
			path = View;
			sourceTree = "<group>";
		};
		A7A0DEB82110081000693B5F /* View */ = {
			isa = PBXGroup;
			children = (
				A7A0DEBF21103B7400693B5F /* PageTitleView.swift */,
				A74ECD18212FAFB3002AFEA5 /* PageContentView.swift */,
				A7F7BE522133E15900906AA8 /* CollectionNormaCell.swift */,
				A7F7BE532133E15900906AA8 /* CollectionNormaCell.xib */,
				A7F7BE562133EBCF00906AA8 /* CollectionPrettyCell.swift */,
				A7F7BE572133EBCF00906AA8 /* CollectionPrettyCell.xib */,
				A7045DAE213E53D200750943 /* CollectionBaseCell.swift */,
			);
			path = View;
			sourceTree = "<group>";
		};
		A7A0DEB92110081000693B5F /* Controller */ = {
			isa = PBXGroup;
			children = (
				A7BE6EE2210EF4180065C5C3 /* Main.storyboard */,
				A719D660216F356500D4BDD7 /* BaseAnchorViewController.swift */,
				A7DB254B21757FE4004B9E1A /* BaseViewControler.swift */,
				A7DB25552175BD7C004B9E1A /* CustomNavigationController.swift */,
			);
			path = Controller;
			sourceTree = "<group>";
		};
		A7A0DEBC21102C6200693B5F /* Extension */ = {
			isa = PBXGroup;
			children = (
				A7A0DEBD21102CC500693B5F /* UIBarButton-Extension.swift */,
				A74ECD1A212FCF5C002AFEA5 /* UIColor.swift */,
				A72533622137D896007EF6FA /* Date.swift */,
				A7C2E81D21465D5D00F92603 /* Device.swift */,
			);
			path = Extension;
			sourceTree = "<group>";
		};
		A7BE6ED2210EF4180065C5C3 = {
			isa = PBXGroup;
			children = (
				A7BE6EDD210EF4180065C5C3 /* IOSDouYuZB */,
				A7BE6EDC210EF4180065C5C3 /* Products */,
				6CF516C35E8B84C0512B7D18 /* Pods */,
				B9927D52355DC1C830263814 /* Frameworks */,
			);
			sourceTree = "<group>";
		};
		A7BE6EDC210EF4180065C5C3 /* Products */ = {
			isa = PBXGroup;
			children = (
				A7BE6EDB210EF4180065C5C3 /* IOSDouYuZB.app */,
			);
			name = Products;
			sourceTree = "<group>";
		};
		A7BE6EDD210EF4180065C5C3 /* IOSDouYuZB */ = {
			isa = PBXGroup;
			children = (
				A76A68DF210F0A6B0088ED8E /* Classes */,
				A7BE6EDE210EF4180065C5C3 /* AppDelegate.swift */,
				A7BE6EE5210EF4190065C5C3 /* Assets.xcassets */,
				A7BE6EE7210EF4190065C5C3 /* LaunchScreen.storyboard */,
				A7BE6EEA210EF41A0065C5C3 /* Info.plist */,
			);
			path = IOSDouYuZB;
			sourceTree = "<group>";
		};
		A7DB254D2175B0B4004B9E1A /* Room */ = {
			isa = PBXGroup;
			children = (
				A7DB254F2175B0B4004B9E1A /* Model */,
				A7DB25502175B0B4004B9E1A /* View */,
				A7DB254E2175B0B4004B9E1A /* Controller */,
			);
			path = Room;
			sourceTree = "<group>";
		};
		A7DB254E2175B0B4004B9E1A /* Controller */ = {
			isa = PBXGroup;
			children = (
				A7DB25512175B12A004B9E1A /* RoomShowViewController.swift */,
				A7DB25532175B16A004B9E1A /* RoomNormalViewController.swift */,
			);
			path = Controller;
			sourceTree = "<group>";
		};
		A7DB254F2175B0B4004B9E1A /* Model */ = {
			isa = PBXGroup;
			children = (
			);
			path = Model;
			sourceTree = "<group>";
		};
		A7DB25502175B0B4004B9E1A /* View */ = {
			isa = PBXGroup;
			children = (
			);
			path = View;
			sourceTree = "<group>";
		};
		B9927D52355DC1C830263814 /* Frameworks */ = {
			isa = PBXGroup;
			children = (
				E3566643B2E5235E98BE0F39 /* Pods_IOSDouYuZB.framework */,
			);
			name = Frameworks;
			sourceTree = "<group>";
		};
/* End PBXGroup section */

/* Begin PBXNativeTarget section */
		A7BE6EDA210EF4180065C5C3 /* IOSDouYuZB */ = {
			isa = PBXNativeTarget;
			buildConfigurationList = A7BE6EED210EF41A0065C5C3 /* Build configuration list for PBXNativeTarget "IOSDouYuZB" */;
			buildPhases = (
				1F67B34A88A7E6237032020E /* [CP] Check Pods Manifest.lock */,
				A7BE6ED7210EF4180065C5C3 /* Sources */,
				A7BE6ED8210EF4180065C5C3 /* Frameworks */,
				A7BE6ED9210EF4180065C5C3 /* Resources */,
				12BE61967BB99ED3D0C9061A /* [CP] Embed Pods Frameworks */,
			);
			buildRules = (
			);
			dependencies = (
			);
			name = IOSDouYuZB;
			productName = IOSDouYuZB;
			productReference = A7BE6EDB210EF4180065C5C3 /* IOSDouYuZB.app */;
			productType = "com.apple.product-type.application";
		};
/* End PBXNativeTarget section */

/* Begin PBXProject section */
		A7BE6ED3210EF4180065C5C3 /* Project object */ = {
			isa = PBXProject;
			attributes = {
				LastSwiftUpdateCheck = 0940;
				LastUpgradeCheck = 0940;
				ORGANIZATIONNAME = Liux;
				TargetAttributes = {
					A7BE6EDA210EF4180065C5C3 = {
						CreatedOnToolsVersion = 9.4.1;
					};
				};
			};
			buildConfigurationList = A7BE6ED6210EF4180065C5C3 /* Build configuration list for PBXProject "IOSDouYuZB" */;
			compatibilityVersion = "Xcode 9.3";
			developmentRegion = en;
			hasScannedForEncodings = 0;
			knownRegions = (
				en,
				Base,
			);
			mainGroup = A7BE6ED2210EF4180065C5C3;
			productRefGroup = A7BE6EDC210EF4180065C5C3 /* Products */;
			projectDirPath = "";
			projectRoot = "";
			targets = (
				A7BE6EDA210EF4180065C5C3 /* IOSDouYuZB */,
			);
		};
/* End PBXProject section */

/* Begin PBXResourcesBuildPhase section */
		A7BE6ED9210EF4180065C5C3 /* Resources */ = {
			isa = PBXResourcesBuildPhase;
			buildActionMask = 2147483647;
			files = (
				A7BE6EE9210EF4190065C5C3 /* LaunchScreen.storyboard in Resources */,
				A725DB0E21746C2B007BF493 /* AmuseMenuViewCell.xib in Resources */,
				A7F7BE512133D47500906AA8 /* CollectionHeaderView.xib in Resources */,
				A7F7BE552133E15900906AA8 /* CollectionNormaCell.xib in Resources */,
				A7BE6EE6210EF4190065C5C3 /* Assets.xcassets in Resources */,
				A7BE6EE4210EF4180065C5C3 /* Main.storyboard in Resources */,
				A7A0DEAB210FF95B00693B5F /* Live.storyboard in Resources */,
				A7A0DEB1210FF99600693B5F /* Mine.storyboard in Resources */,
				A7A5FCFF213FB7BE00841AB0 /* CollectionGameCell.xib in Resources */,
				A7FEA08D21708CCB00600388 /* AmuseMenuView.xib in Resources */,
				A7045DB5213E5F7300750943 /* RecommendCycleView.xib in Resources */,
				A7A5FCF7213F81B300841AB0 /* CollectionCycleCell.xib in Resources */,
				A7F7BE592133EBCF00906AA8 /* CollectionPrettyCell.xib in Resources */,
				A7A0DEA8210FF93E00693B5F /* Home.storyboard in Resources */,
				A7A5FCFB213FAEA600841AB0 /* RecommendGameView.xib in Resources */,
				A7A0DEAE210FF97400693B5F /* Follow.storyboard in Resources */,
			);
			runOnlyForDeploymentPostprocessing = 0;
		};
/* End PBXResourcesBuildPhase section */

/* Begin PBXShellScriptBuildPhase section */
		12BE61967BB99ED3D0C9061A /* [CP] Embed Pods Frameworks */ = {
			isa = PBXShellScriptBuildPhase;
			buildActionMask = 2147483647;
			files = (
			);
			inputPaths = (
				"${SRCROOT}/Pods/Target Support Files/Pods-IOSDouYuZB/Pods-IOSDouYuZB-frameworks.sh",
				"${BUILT_PRODUCTS_DIR}/Alamofire/Alamofire.framework",
				"${BUILT_PRODUCTS_DIR}/Kingfisher/Kingfisher.framework",
			);
			name = "[CP] Embed Pods Frameworks";
			outputPaths = (
				"${TARGET_BUILD_DIR}/${FRAMEWORKS_FOLDER_PATH}/Alamofire.framework",
				"${TARGET_BUILD_DIR}/${FRAMEWORKS_FOLDER_PATH}/Kingfisher.framework",
			);
			runOnlyForDeploymentPostprocessing = 0;
			shellPath = /bin/sh;
			shellScript = "\"${SRCROOT}/Pods/Target Support Files/Pods-IOSDouYuZB/Pods-IOSDouYuZB-frameworks.sh\"\n";
			showEnvVarsInLog = 0;
		};
		1F67B34A88A7E6237032020E /* [CP] Check Pods Manifest.lock */ = {
			isa = PBXShellScriptBuildPhase;
			buildActionMask = 2147483647;
			files = (
			);
			inputPaths = (
				"${PODS_PODFILE_DIR_PATH}/Podfile.lock",
				"${PODS_ROOT}/Manifest.lock",
			);
			name = "[CP] Check Pods Manifest.lock";
			outputPaths = (
				"$(DERIVED_FILE_DIR)/Pods-IOSDouYuZB-checkManifestLockResult.txt",
			);
			runOnlyForDeploymentPostprocessing = 0;
			shellPath = /bin/sh;
			shellScript = "diff \"${PODS_PODFILE_DIR_PATH}/Podfile.lock\" \"${PODS_ROOT}/Manifest.lock\" > /dev/null\nif [ $? != 0 ] ; then\n    # print error to STDERR\n    echo \"error: The sandbox is not in sync with the Podfile.lock. Run 'pod install' or update your CocoaPods installation.\" >&2\n    exit 1\nfi\n# This output is used by Xcode 'outputs' to avoid re-running this script phase.\necho \"SUCCESS\" > \"${SCRIPT_OUTPUT_FILE_0}\"\n";
			showEnvVarsInLog = 0;
		};
/* End PBXShellScriptBuildPhase section */

/* Begin PBXSourcesBuildPhase section */
		A7BE6ED7210EF4180065C5C3 /* Sources */ = {
			isa = PBXSourcesBuildPhase;
			buildActionMask = 2147483647;
			files = (
				A7F7BE502133D47500906AA8 /* CollectionHeaderView.swift in Sources */,
				A7A0DEC021103B7400693B5F /* PageTitleView.swift in Sources */,
				A719D65F216F184F00D4BDD7 /* AmuseViewModel.swift in Sources */,
				A7F7BE4D21339DCF00906AA8 /* RecommendViewController.swift in Sources */,
				A7DB254C21757FE4004B9E1A /* BaseViewControler.swift in Sources */,
				A7F7BE542133E15900906AA8 /* CollectionNormaCell.swift in Sources */,
				A7045DAF213E53D200750943 /* CollectionBaseCell.swift in Sources */,
				A7108DBC216DD085001E3524 /* GameViewController.swift in Sources */,
				A7108DBE216DDD8E001E3524 /* GameViewModel.swift in Sources */,
				A72533632137D896007EF6FA /* Date.swift in Sources */,
				A74ECD1B212FCF5C002AFEA5 /* UIColor.swift in Sources */,
				A725DB0D21746C2B007BF493 /* AmuseMenuViewCell.swift in Sources */,
				A7DB25542175B16A004B9E1A /* RoomNormalViewController.swift in Sources */,
				A7DB25562175BD7C004B9E1A /* CustomNavigationController.swift in Sources */,
				A725DB1021748F74007BF493 /* FunnyViewController.swift in Sources */,
				A7F7BE582133EBCF00906AA8 /* CollectionPrettyCell.swift in Sources */,
				A7045DB1213E5EC500750943 /* RecommendCycleView.swift in Sources */,
				A719D661216F356500D4BDD7 /* BaseAnchorViewController.swift in Sources */,
				A719D664216F3BDF00D4BDD7 /* BaseViewModel.swift in Sources */,
				A7A5FD01213FC0A400841AB0 /* BaseGameModel.swift in Sources */,
				A7DB254A217574CD004B9E1A /* FunnyViewModel.swift in Sources */,
				A74ECD19212FAFB3002AFEA5 /* PageContentView.swift in Sources */,
				A7F6A8762139050800EB9726 /* AnchorModel.swift in Sources */,
				A719D65D216F138700D4BDD7 /* AmuseViewController.swift in Sources */,
				A7A0DEBE21102CC500693B5F /* UIBarButton-Extension.swift in Sources */,
				A725335C2137C40D007EF6FA /* NetWorkTools.swift in Sources */,
				A7BE6EDF210EF4180065C5C3 /* AppDelegate.swift in Sources */,
				A7C2E81E21465D5D00F92603 /* Device.swift in Sources */,
				A7A5FCF9213FAE8C00841AB0 /* RecommendGameView.swift in Sources */,
				A7A5FCFE213FB7BE00841AB0 /* CollectionGameCell.swift in Sources */,
				A7108DC0216DE277001E3524 /* GameModel.swift in Sources */,
				A7FEA08B21708C9F00600388 /* AmuseMenuView.swift in Sources */,
				A7A5FCF3213F7BB000841AB0 /* CycleModel.swift in Sources */,
				A7A0DEC221104A7600693B5F /* Common.swift in Sources */,
				A7A5FCF6213F81B300841AB0 /* CollectionCycleCell.swift in Sources */,
				A7DB25522175B12A004B9E1A /* RoomShowViewController.swift in Sources */,
				A72533652137DF75007EF6FA /* AnchorGroup.swift in Sources */,
				A7A0DEBB21100A2B00693B5F /* HomeViewController.swift in Sources */,
				A72533612137D4B7007EF6FA /* RecommendViewModel.swift in Sources */,
			);
			runOnlyForDeploymentPostprocessing = 0;
		};
/* End PBXSourcesBuildPhase section */

/* Begin PBXVariantGroup section */
		A7A0DEA6210FF93E00693B5F /* Home.storyboard */ = {
			isa = PBXVariantGroup;
			children = (
				A7A0DEA7210FF93E00693B5F /* Base */,
			);
			name = Home.storyboard;
			sourceTree = "<group>";
		};
		A7A0DEA9210FF95B00693B5F /* Live.storyboard */ = {
			isa = PBXVariantGroup;
			children = (
				A7A0DEAA210FF95B00693B5F /* Base */,
			);
			name = Live.storyboard;
			sourceTree = "<group>";
		};
		A7A0DEAC210FF97400693B5F /* Follow.storyboard */ = {
			isa = PBXVariantGroup;
			children = (
				A7A0DEAD210FF97400693B5F /* Base */,
			);
			name = Follow.storyboard;
			sourceTree = "<group>";
		};
		A7A0DEAF210FF99600693B5F /* Mine.storyboard */ = {
			isa = PBXVariantGroup;
			children = (
				A7A0DEB0210FF99600693B5F /* Base */,
			);
			name = Mine.storyboard;
			sourceTree = "<group>";
		};
		A7BE6EE2210EF4180065C5C3 /* Main.storyboard */ = {
			isa = PBXVariantGroup;
			children = (
				A7BE6EE3210EF4180065C5C3 /* Base */,
			);
			name = Main.storyboard;
			sourceTree = "<group>";
		};
		A7BE6EE7210EF4190065C5C3 /* LaunchScreen.storyboard */ = {
			isa = PBXVariantGroup;
			children = (
				A7BE6EE8210EF4190065C5C3 /* Base */,
			);
			name = LaunchScreen.storyboard;
			sourceTree = "<group>";
		};
/* End PBXVariantGroup section */

/* Begin XCBuildConfiguration section */
		A7BE6EEB210EF41A0065C5C3 /* Debug */ = {
			isa = XCBuildConfiguration;
			buildSettings = {
				ALWAYS_SEARCH_USER_PATHS = NO;
				CLANG_ANALYZER_NONNULL = YES;
				CLANG_ANALYZER_NUMBER_OBJECT_CONVERSION = YES_AGGRESSIVE;
				CLANG_CXX_LANGUAGE_STANDARD = "gnu++14";
				CLANG_CXX_LIBRARY = "libc++";
				CLANG_ENABLE_MODULES = YES;
				CLANG_ENABLE_OBJC_ARC = YES;
				CLANG_ENABLE_OBJC_WEAK = YES;
				CLANG_WARN_BLOCK_CAPTURE_AUTORELEASING = YES;
				CLANG_WARN_BOOL_CONVERSION = YES;
				CLANG_WARN_COMMA = YES;
				CLANG_WARN_CONSTANT_CONVERSION = YES;
				CLANG_WARN_DEPRECATED_OBJC_IMPLEMENTATIONS = YES;
				CLANG_WARN_DIRECT_OBJC_ISA_USAGE = YES_ERROR;
				CLANG_WARN_DOCUMENTATION_COMMENTS = YES;
				CLANG_WARN_EMPTY_BODY = YES;
				CLANG_WARN_ENUM_CONVERSION = YES;
				CLANG_WARN_INFINITE_RECURSION = YES;
				CLANG_WARN_INT_CONVERSION = YES;
				CLANG_WARN_NON_LITERAL_NULL_CONVERSION = YES;
				CLANG_WARN_OBJC_IMPLICIT_RETAIN_SELF = YES;
				CLANG_WARN_OBJC_LITERAL_CONVERSION = YES;
				CLANG_WARN_OBJC_ROOT_CLASS = YES_ERROR;
				CLANG_WARN_RANGE_LOOP_ANALYSIS = YES;
				CLANG_WARN_STRICT_PROTOTYPES = YES;
				CLANG_WARN_SUSPICIOUS_MOVE = YES;
				CLANG_WARN_UNGUARDED_AVAILABILITY = YES_AGGRESSIVE;
				CLANG_WARN_UNREACHABLE_CODE = YES;
				CLANG_WARN__DUPLICATE_METHOD_MATCH = YES;
				CODE_SIGN_IDENTITY = "iPhone Developer";
				COPY_PHASE_STRIP = NO;
				DEBUG_INFORMATION_FORMAT = dwarf;
				ENABLE_STRICT_OBJC_MSGSEND = YES;
				ENABLE_TESTABILITY = YES;
				GCC_C_LANGUAGE_STANDARD = gnu11;
				GCC_DYNAMIC_NO_PIC = NO;
				GCC_NO_COMMON_BLOCKS = YES;
				GCC_OPTIMIZATION_LEVEL = 0;
				GCC_PREPROCESSOR_DEFINITIONS = (
					"DEBUG=1",
					"$(inherited)",
				);
				GCC_WARN_64_TO_32_BIT_CONVERSION = YES;
				GCC_WARN_ABOUT_RETURN_TYPE = YES_ERROR;
				GCC_WARN_UNDECLARED_SELECTOR = YES;
				GCC_WARN_UNINITIALIZED_AUTOS = YES_AGGRESSIVE;
				GCC_WARN_UNUSED_FUNCTION = YES;
				GCC_WARN_UNUSED_VARIABLE = YES;
				IPHONEOS_DEPLOYMENT_TARGET = 11.4;
				MTL_ENABLE_DEBUG_INFO = YES;
				ONLY_ACTIVE_ARCH = YES;
				SDKROOT = iphoneos;
				SWIFT_ACTIVE_COMPILATION_CONDITIONS = DEBUG;
				SWIFT_OPTIMIZATION_LEVEL = "-Onone";
			};
			name = Debug;
		};
		A7BE6EEC210EF41A0065C5C3 /* Release */ = {
			isa = XCBuildConfiguration;
			buildSettings = {
				ALWAYS_SEARCH_USER_PATHS = NO;
				CLANG_ANALYZER_NONNULL = YES;
				CLANG_ANALYZER_NUMBER_OBJECT_CONVERSION = YES_AGGRESSIVE;
				CLANG_CXX_LANGUAGE_STANDARD = "gnu++14";
				CLANG_CXX_LIBRARY = "libc++";
				CLANG_ENABLE_MODULES = YES;
				CLANG_ENABLE_OBJC_ARC = YES;
				CLANG_ENABLE_OBJC_WEAK = YES;
				CLANG_WARN_BLOCK_CAPTURE_AUTORELEASING = YES;
				CLANG_WARN_BOOL_CONVERSION = YES;
				CLANG_WARN_COMMA = YES;
				CLANG_WARN_CONSTANT_CONVERSION = YES;
				CLANG_WARN_DEPRECATED_OBJC_IMPLEMENTATIONS = YES;
				CLANG_WARN_DIRECT_OBJC_ISA_USAGE = YES_ERROR;
				CLANG_WARN_DOCUMENTATION_COMMENTS = YES;
				CLANG_WARN_EMPTY_BODY = YES;
				CLANG_WARN_ENUM_CONVERSION = YES;
				CLANG_WARN_INFINITE_RECURSION = YES;
				CLANG_WARN_INT_CONVERSION = YES;
				CLANG_WARN_NON_LITERAL_NULL_CONVERSION = YES;
				CLANG_WARN_OBJC_IMPLICIT_RETAIN_SELF = YES;
				CLANG_WARN_OBJC_LITERAL_CONVERSION = YES;
				CLANG_WARN_OBJC_ROOT_CLASS = YES_ERROR;
				CLANG_WARN_RANGE_LOOP_ANALYSIS = YES;
				CLANG_WARN_STRICT_PROTOTYPES = YES;
				CLANG_WARN_SUSPICIOUS_MOVE = YES;
				CLANG_WARN_UNGUARDED_AVAILABILITY = YES_AGGRESSIVE;
				CLANG_WARN_UNREACHABLE_CODE = YES;
				CLANG_WARN__DUPLICATE_METHOD_MATCH = YES;
				CODE_SIGN_IDENTITY = "iPhone Developer";
				COPY_PHASE_STRIP = NO;
				DEBUG_INFORMATION_FORMAT = "dwarf-with-dsym";
				ENABLE_NS_ASSERTIONS = NO;
				ENABLE_STRICT_OBJC_MSGSEND = YES;
				GCC_C_LANGUAGE_STANDARD = gnu11;
				GCC_NO_COMMON_BLOCKS = YES;
				GCC_WARN_64_TO_32_BIT_CONVERSION = YES;
				GCC_WARN_ABOUT_RETURN_TYPE = YES_ERROR;
				GCC_WARN_UNDECLARED_SELECTOR = YES;
				GCC_WARN_UNINITIALIZED_AUTOS = YES_AGGRESSIVE;
				GCC_WARN_UNUSED_FUNCTION = YES;
				GCC_WARN_UNUSED_VARIABLE = YES;
				IPHONEOS_DEPLOYMENT_TARGET = 11.4;
				MTL_ENABLE_DEBUG_INFO = NO;
				SDKROOT = iphoneos;
				SWIFT_COMPILATION_MODE = wholemodule;
				SWIFT_OPTIMIZATION_LEVEL = "-O";
				VALIDATE_PRODUCT = YES;
			};
			name = Release;
		};
		A7BE6EEE210EF41A0065C5C3 /* Debug */ = {
			isa = XCBuildConfiguration;
			baseConfigurationReference = 890494A91961176BFDE6A5B2 /* Pods-IOSDouYuZB.debug.xcconfig */;
			buildSettings = {
				ASSETCATALOG_COMPILER_APPICON_NAME = AppIcon;
				ASSETCATALOG_COMPILER_LAUNCHIMAGE_NAME = LaunchImage;
				CODE_SIGN_IDENTITY = "iPhone Developer";
				CODE_SIGN_STYLE = Automatic;
				DEVELOPMENT_TEAM = TB3NHKVA8H;
				INFOPLIST_FILE = IOSDouYuZB/Info.plist;
				IPHONEOS_DEPLOYMENT_TARGET = 9.0;
				LD_RUNPATH_SEARCH_PATHS = (
					"$(inherited)",
					"@executable_path/Frameworks",
				);
				PRODUCT_BUNDLE_IDENTIFIER = com.nbcei.IOSDouYuZB;
				PRODUCT_NAME = "$(TARGET_NAME)";
				PROVISIONING_PROFILE = "";
				PROVISIONING_PROFILE_SPECIFIER = "";
				SWIFT_VERSION = 3.0;
				TARGETED_DEVICE_FAMILY = 1;
			};
			name = Debug;
		};
		A7BE6EEF210EF41A0065C5C3 /* Release */ = {
			isa = XCBuildConfiguration;
			baseConfigurationReference = 4BC07A307793CE18902A5918 /* Pods-IOSDouYuZB.release.xcconfig */;
			buildSettings = {
				ASSETCATALOG_COMPILER_APPICON_NAME = AppIcon;
				ASSETCATALOG_COMPILER_LAUNCHIMAGE_NAME = LaunchImage;
				CODE_SIGN_IDENTITY = "iPhone Developer";
				CODE_SIGN_STYLE = Automatic;
				DEVELOPMENT_TEAM = TB3NHKVA8H;
				INFOPLIST_FILE = IOSDouYuZB/Info.plist;
				IPHONEOS_DEPLOYMENT_TARGET = 9.0;
				LD_RUNPATH_SEARCH_PATHS = (
					"$(inherited)",
					"@executable_path/Frameworks",
				);
				PRODUCT_BUNDLE_IDENTIFIER = com.nbcei.IOSDouYuZB;
				PRODUCT_NAME = "$(TARGET_NAME)";
				PROVISIONING_PROFILE = "";
				PROVISIONING_PROFILE_SPECIFIER = "";
				SWIFT_VERSION = 3.0;
				TARGETED_DEVICE_FAMILY = 1;
			};
			name = Release;
		};
/* End XCBuildConfiguration section */

/* Begin XCConfigurationList section */
		A7BE6ED6210EF4180065C5C3 /* Build configuration list for PBXProject "IOSDouYuZB" */ = {
			isa = XCConfigurationList;
			buildConfigurations = (
				A7BE6EEB210EF41A0065C5C3 /* Debug */,
				A7BE6EEC210EF41A0065C5C3 /* Release */,
			);
			defaultConfigurationIsVisible = 0;
			defaultConfigurationName = Release;
		};
		A7BE6EED210EF41A0065C5C3 /* Build configuration list for PBXNativeTarget "IOSDouYuZB" */ = {
			isa = XCConfigurationList;
			buildConfigurations = (
				A7BE6EEE210EF41A0065C5C3 /* Debug */,
				A7BE6EEF210EF41A0065C5C3 /* Release */,
			);
			defaultConfigurationIsVisible = 0;
			defaultConfigurationName = Release;
		};
/* End XCConfigurationList section */
	};
	rootObject = A7BE6ED3210EF4180065C5C3 /* Project object */;
}
